
Microsoft Visual Studio Solution File, Format Version 12.00
# Visual Studio 15
VisualStudioVersion = 15.0.28307.902
MinimumVisualStudioVersion = 10.0.40219.1
Project("{FAE04EC0-301F-11D3-BF4B-00C04F79EFBC}") = "aspnet", "aspnet\aspnet.csproj", "{DD364B57-ECAA-4C4A-BC5F-4E339DEAA6F2}"
EndProject
Project("{FAE04EC0-301F-11D3-BF4B-00C04F79EFBC}") = "web", "web\web.csproj", "{3708E3C2-7A0F-4FCE-A8AF-D6FE229D4C7B}"
EndProject
Global
	GlobalSection(SolutionConfigurationPlatforms) = preSolution
		Debug|Any CPU = Debug|Any CPU
		Release|Any CPU = Release|Any CPU
	EndGlobalSection
	GlobalSection(ProjectConfigurationPlatforms) = postSolution
		{DD364B57-ECAA-4C4A-BC5F-4E339DEAA6F2}.Debug|Any CPU.ActiveCfg = Debug|Any CPU
		{DD364B57-ECAA-4C4A-BC5F-4E339DEAA6F2}.Debug|Any CPU.Build.0 = Debug|Any CPU
		{DD364B57-ECAA-4C4A-BC5F-4E339DEAA6F2}.Release|Any CPU.ActiveCfg = Release|Any CPU
		{DD364B57-ECAA-4C4A-BC5F-4E339DEAA6F2}.Release|Any CPU.Build.0 = Release|Any CPU
		{3708E3C2-7A0F-4FCE-A8AF-D6FE229D4C7B}.Debug|Any CPU.ActiveCfg = Debug|Any CPU
		{3708E3C2-7A0F-4FCE-A8AF-D6FE229D4C7B}.Debug|Any CPU.Build.0 = Debug|Any CPU
		{3708E3C2-7A0F-4FCE-A8AF-D6FE229D4C7B}.Release|Any CPU.ActiveCfg = Release|Any CPU
		{3708E3C2-7A0F-4FCE-A8AF-D6FE229D4C7B}.Release|Any CPU.Build.0 = Release|Any CPU
	EndGlobalSection
	GlobalSection(SolutionProperties) = preSolution
		HideSolutionNode = FALSE
	EndGlobalSection
	GlobalSection(ExtensibilityGlobals) = postSolution
		SolutionGuid = {425305C3-EA7C-4FD8-A092-249818BE7CD7}
	EndGlobalSection
EndGlobal
